
Microsoft Visual Studio Solution File, Format Version 12.00
# Visual Studio Version 17
VisualStudioVersion = 17.14.36310.24
MinimumVisualStudioVersion = 10.0.40219.1
Project("{FAE04EC0-301F-11D3-BF4B-00C04F79EFBC}") = "BLL_QuanLyNganHang", "BLL_QuanLyNganHang\BLL_QuanLyNganHang.csproj", "{F78C064B-A73E-4271-B0C0-34D3146F6DDB}"
EndProject
Project("{FAE04EC0-301F-11D3-BF4B-00C04F79EFBC}") = "DAL_QuanLyNganHang", "DAL_QuanLyNganHang\DAL_QuanLyNganHang.csproj", "{33E824AF-F5DE-4649-9EF3-396606BBA35D}"
EndProject
Project("{FAE04EC0-301F-11D3-BF4B-00C04F79EFBC}") = "DTO_QuanLyNganHang", "DTO_QuanLyNganHang\DTO_QuanLyNganHang.csproj", "{F3368149-B278-4C13-A1D8-42499603A319}"
EndProject
Project("{FAE04EC0-301F-11D3-BF4B-00C04F79EFBC}") = "UTIL_QuanLyNganHang", "UTIL_QuanLyNganHang\UTIL_QuanLyNganHang.csproj", "{D0D0C83F-DBAC-4EFA-9A98-41455B9DAE22}"
EndProject
Project("{FAE04EC0-301F-11D3-BF4B-00C04F79EFBC}") = "GUI_QuanLyNganHang", "GUI_QuanLyNganHang\GUI_QuanLyNganHang.csproj", "{60784DBB-6CCD-4D4A-B9A7-91B02FB46318}"
EndProject
Project("{2150E333-8FDC-42A3-9474-1A3956D46DE8}") = "Solution Items", "Solution Items", "{8EC462FD-D22E-90A8-E5CE-7E832BA40C5D}"
	ProjectSection(SolutionItems) = preProject
		Database\sql lên githuh.sql = Database\sql lên githuh.sql
	EndProjectSection
EndProject
Global
	GlobalSection(SolutionConfigurationPlatforms) = preSolution
		Debug|Any CPU = Debug|Any CPU
		Release|Any CPU = Release|Any CPU
	EndGlobalSection
	GlobalSection(ProjectConfigurationPlatforms) = postSolution
		{F78C064B-A73E-4271-B0C0-34D3146F6DDB}.Debug|Any CPU.ActiveCfg = Debug|Any CPU
		{F78C064B-A73E-4271-B0C0-34D3146F6DDB}.Debug|Any CPU.Build.0 = Debug|Any CPU
		{F78C064B-A73E-4271-B0C0-34D3146F6DDB}.Release|Any CPU.ActiveCfg = Release|Any CPU
		{F78C064B-A73E-4271-B0C0-34D3146F6DDB}.Release|Any CPU.Build.0 = Release|Any CPU
		{33E824AF-F5DE-4649-9EF3-396606BBA35D}.Debug|Any CPU.ActiveCfg = Debug|Any CPU
		{33E824AF-F5DE-4649-9EF3-396606BBA35D}.Debug|Any CPU.Build.0 = Debug|Any CPU
		{33E824AF-F5DE-4649-9EF3-396606BBA35D}.Release|Any CPU.ActiveCfg = Release|Any CPU
		{33E824AF-F5DE-4649-9EF3-396606BBA35D}.Release|Any CPU.Build.0 = Release|Any CPU
		{F3368149-B278-4C13-A1D8-42499603A319}.Debug|Any CPU.ActiveCfg = Debug|Any CPU
		{F3368149-B278-4C13-A1D8-42499603A319}.Debug|Any CPU.Build.0 = Debug|Any CPU
		{F3368149-B278-4C13-A1D8-42499603A319}.Release|Any CPU.ActiveCfg = Release|Any CPU
		{F3368149-B278-4C13-A1D8-42499603A319}.Release|Any CPU.Build.0 = Release|Any CPU
		{D0D0C83F-DBAC-4EFA-9A98-41455B9DAE22}.Debug|Any CPU.ActiveCfg = Debug|Any CPU
		{D0D0C83F-DBAC-4EFA-9A98-41455B9DAE22}.Debug|Any CPU.Build.0 = Debug|Any CPU
		{D0D0C83F-DBAC-4EFA-9A98-41455B9DAE22}.Release|Any CPU.ActiveCfg = Release|Any CPU
		{D0D0C83F-DBAC-4EFA-9A98-41455B9DAE22}.Release|Any CPU.Build.0 = Release|Any CPU
		{60784DBB-6CCD-4D4A-B9A7-91B02FB46318}.Debug|Any CPU.ActiveCfg = Debug|Any CPU
		{60784DBB-6CCD-4D4A-B9A7-91B02FB46318}.Debug|Any CPU.Build.0 = Debug|Any CPU
		{60784DBB-6CCD-4D4A-B9A7-91B02FB46318}.Release|Any CPU.ActiveCfg = Release|Any CPU
		{60784DBB-6CCD-4D4A-B9A7-91B02FB46318}.Release|Any CPU.Build.0 = Release|Any CPU
	EndGlobalSection
	GlobalSection(SolutionProperties) = preSolution
		HideSolutionNode = FALSE
	EndGlobalSection
	GlobalSection(ExtensibilityGlobals) = postSolution
		SolutionGuid = {42B2604E-966C-4E7A-8849-4D1AED373C60}
	EndGlobalSection
EndGlobal
